
Microsoft Visual Studio Solution File, Format Version 10.00
# Visual Studio 2008
Project("{FAE04EC0-301F-11D3-BF4B-00C04F79EFBC}") = "milAlunoFor", "milAlunoFor\milAlunoFor.csproj", "{A0465644-7E73-4321-B341-486DF4442091}"
EndProject
Global
	GlobalSection(SolutionConfigurationPlatforms) = preSolution
		Debug|Any CPU = Debug|Any CPU
		Release|Any CPU = Release|Any CPU
	EndGlobalSection
	GlobalSection(ProjectConfigurationPlatforms) = postSolution
		{A0465644-7E73-4321-B341-486DF4442091}.Debug|Any CPU.ActiveCfg = Debug|Any CPU
		{A0465644-7E73-4321-B341-486DF4442091}.Debug|Any CPU.Build.0 = Debug|Any CPU
		{A0465644-7E73-4321-B341-486DF4442091}.Release|Any CPU.ActiveCfg = Release|Any CPU
		{A0465644-7E73-4321-B341-486DF4442091}.Release|Any CPU.Build.0 = Release|Any CPU
	EndGlobalSection
	GlobalSection(SolutionProperties) = preSolution
		HideSolutionNode = FALSE
	EndGlobalSection
EndGlobal
