
Microsoft Visual Studio Solution File, Format Version 10.00
# Visual Studio 2008
Project("{FAE04EC0-301F-11D3-BF4B-00C04F79EFBC}") = "anioBosiesto", "anioBosiesto\anioBosiesto.csproj", "{A575AD40-2957-415C-9D1D-60FD29449E0C}"
EndProject
Global
	GlobalSection(SolutionConfigurationPlatforms) = preSolution
		Debug|Any CPU = Debug|Any CPU
		Release|Any CPU = Release|Any CPU
	EndGlobalSection
	GlobalSection(ProjectConfigurationPlatforms) = postSolution
		{A575AD40-2957-415C-9D1D-60FD29449E0C}.Debug|Any CPU.ActiveCfg = Debug|Any CPU
		{A575AD40-2957-415C-9D1D-60FD29449E0C}.Debug|Any CPU.Build.0 = Debug|Any CPU
		{A575AD40-2957-415C-9D1D-60FD29449E0C}.Release|Any CPU.ActiveCfg = Release|Any CPU
		{A575AD40-2957-415C-9D1D-60FD29449E0C}.Release|Any CPU.Build.0 = Release|Any CPU
	EndGlobalSection
	GlobalSection(SolutionProperties) = preSolution
		HideSolutionNode = FALSE
	EndGlobalSection
EndGlobal
