
Microsoft Visual Studio Solution File, Format Version 10.00
# Visual Studio 2008
Project("{FAE04EC0-301F-11D3-BF4B-00C04F79EFBC}") = "numerosParesForDosAlMil", "numerosParesForDosAlMil\numerosParesForDosAlMil.csproj", "{0E14770E-E25E-4F2E-ADB3-24286ADB5F9C}"
EndProject
Global
	GlobalSection(SolutionConfigurationPlatforms) = preSolution
		Debug|Any CPU = Debug|Any CPU
		Release|Any CPU = Release|Any CPU
	EndGlobalSection
	GlobalSection(ProjectConfigurationPlatforms) = postSolution
		{0E14770E-E25E-4F2E-ADB3-24286ADB5F9C}.Debug|Any CPU.ActiveCfg = Debug|Any CPU
		{0E14770E-E25E-4F2E-ADB3-24286ADB5F9C}.Debug|Any CPU.Build.0 = Debug|Any CPU
		{0E14770E-E25E-4F2E-ADB3-24286ADB5F9C}.Release|Any CPU.ActiveCfg = Release|Any CPU
		{0E14770E-E25E-4F2E-ADB3-24286ADB5F9C}.Release|Any CPU.Build.0 = Release|Any CPU
	EndGlobalSection
	GlobalSection(SolutionProperties) = preSolution
		HideSolutionNode = FALSE
	EndGlobalSection
EndGlobal
